<?xml version="1.0" encoding="UTF-8"?>
<Scheme
   LastUpgradeVersion = "0810"
   version = "1.3">
   <BuildAction
      parallelizeBuildables = "YES"
      buildImplicitDependencies = "YES">
      <BuildActionEntries>
         <BuildActionEntry
            buildForTesting = "YES"
            buildForRunning = "YES"
            buildForProfiling = "YES"
            buildForArchiving = "YES"
            buildForAnalyzing = "YES">
            <BuildableReference
               BuildableIdentifier = "primary"
               BlueprintIdentifier = "9599F8BF1DFEE0DB007DCCAB"
               BuildableName = "STDevTemplate.app"
               BlueprintName = "STDevTemplate"
               ReferencedContainer = "container:STDevTemplate.xcodeproj">
            </BuildableReference>
         </BuildActionEntry>
      </BuildActionEntries>
   </BuildAction>
   <TestAction
      buildConfiguration = "DebugAlpha"
      selectedDebuggerIdentifier = "Xcode.DebuggerFoundation.Debugger.LLDB"
      selectedLauncherIdentifier = "Xcode.DebuggerFoundation.Launcher.LLDB"
      shouldUseLaunchSchemeArgsEnv = "YES">
      <Testables>
         <TestableReference
            skipped = "NO">
            <BuildableReference
               BuildableIdentifier = "primary"
               BlueprintIdentifier = "9599F8D31DFEE0DB007DCCAB"
               BuildableName = "STDevTemplateTests.xctest"
               BlueprintName = "STDevTemplateTests"
               ReferencedContainer = "container:STDevTemplate.xcodeproj">
            </BuildableReference>
         </TestableReference>
         <TestableReference
            skipped = "NO">
            <BuildableReference
               BuildableIdentifier = "primary"
               BlueprintIdentifier = "9599F8DE1DFEE0DB007DCCAB"
               BuildableName = "STDevTemplateUITests.xctest"
               BlueprintName = "STDevTemplateUITests"
               ReferencedContainer = "container:STDevTemplate.xcodeproj">
            </BuildableReference>
         </TestableReference>
      </Testables>
      <MacroExpansion>
         <BuildableReference
            BuildableIdentifier = "primary"
            BlueprintIdentifier = "9599F8BF1DFEE0DB007DCCAB"
            BuildableName = "STDevTemplate.app"
            BlueprintName = "STDevTemplate"
            ReferencedContainer = "container:STDevTemplate.xcodeproj">
         </BuildableReference>
      </MacroExpansion>
      <AdditionalOptions>
      </AdditionalOptions>
   </TestAction>
   <LaunchAction
      buildConfiguration = "DebugAlpha"
      selectedDebuggerIdentifier = "Xcode.DebuggerFoundation.Debugger.LLDB"
      selectedLauncherIdentifier = "Xcode.DebuggerFoundation.Launcher.LLDB"
      launchStyle = "0"
      useCustomWorkingDirectory = "NO"
      ignoresPersistentStateOnLaunch = "NO"
      debugDocumentVersioning = "YES"
      debugServiceExtension = "internal"
      allowLocationSimulation = "YES">
      <BuildableProductRunnable
         runnableDebuggingMode = "0">
         <BuildableReference
            BuildableIdentifier = "primary"
            BlueprintIdentifier = "9599F8BF1DFEE0DB007DCCAB"
            BuildableName = "STDevTemplate.app"
            BlueprintName = "STDevTemplate"
            ReferencedContainer = "container:STDevTemplate.xcodeproj">
         </BuildableReference>
      </BuildableProductRunnable>
      <AdditionalOptions>
      </AdditionalOptions>
   </LaunchAction>
   <ProfileAction
      buildConfiguration = "ReleaseAlpha"
      shouldUseLaunchSchemeArgsEnv = "YES"
      savedToolIdentifier = ""
      useCustomWorkingDirectory = "NO"
      debugDocumentVersioning = "YES">
      <BuildableProductRunnable
         runnableDebuggingMode = "0">
         <BuildableReference
            BuildableIdentifier = "primary"
            BlueprintIdentifier = "9599F8BF1DFEE0DB007DCCAB"
            BuildableName = "STDevTemplate.app"
            BlueprintName = "STDevTemplate"
            ReferencedContainer = "container:STDevTemplate.xcodeproj">
         </BuildableReference>
      </BuildableProductRunnable>
   </ProfileAction>
   <AnalyzeAction
      buildConfiguration = "DebugAlpha">
   </AnalyzeAction>
   <ArchiveAction
      buildConfiguration = "ReleaseAlpha"
      revealArchiveInOrganizer = "YES">
   </ArchiveAction>
</Scheme>
